lockfileVersion: '9.0'

settings:
  autoInstallPeers: true
  excludeLinksFromLockfile: false

importers:

  .:
    devDependencies:
      '@cloudflare/workers-types':
        specifier: 5.20260811.1
        version: 5.20260811.1
      typescript:
        specifier: 5.8.3
        version: 5.8.3

packages:

  '@cloudflare/workers-types@5.20260811.1':
    resolution: {integrity: sha512-jS3o9240P8t7Y/2lecXPC0rGdODZgHyFTWy9Asdm8htE2Uepx4PAvbcVo3EC0r8wZuv6rahDc1MMj+3nDZj/QA==}

  typescript@5.8.3:
    resolution: {integrity: sha512-p1diW6TqL9L07nNxvRMM7hMMw4c5XOo/1ibL4aAIGmSAt9slTE1Xgw5KWuof2uTOvCg9BY7ZRi+GaF+7sfgPeQ==}
    engines: {node: '>=14.17'}
    hasBin: true

snapshots:

  '@cloudflare/workers-types@5.20260811.1': {}

  typescript@5.8.3: {}
